
Microsoft Visual Studio Solution File, Format Version 12.00
# Visual Studio 15
VisualStudioVersion = 15.0.28307.271
MinimumVisualStudioVersion = 10.0.40219.1
Project("{F184B08F-C81C-45F6-A57F-5ABD9991F28F}") = "BitLogin", "BitLogin\BitLogin.vbproj", "{491C326B-A4CE-4306-8E1C-787BB16E3640}"
EndProject
Project("{F184B08F-C81C-45F6-A57F-5ABD9991F28F}") = "BitLogic", "BitLogic\BitLogic.vbproj", "{7969FB1C-0878-43CE-8013-90B01DBC0B85}"
EndProject
Global
	GlobalSection(SolutionConfigurationPlatforms) = preSolution
		Debug|Any CPU = Debug|Any CPU
		Debug|x64 = Debug|x64
		Release|Any CPU = Release|Any CPU
		Release|x64 = Release|x64
	EndGlobalSection
	GlobalSection(ProjectConfigurationPlatforms) = postSolution
		{491C326B-A4CE-4306-8E1C-787BB16E3640}.Debug|Any CPU.ActiveCfg = Debug|Any CPU
		{491C326B-A4CE-4306-8E1C-787BB16E3640}.Debug|Any CPU.Build.0 = Debug|Any CPU
		{491C326B-A4CE-4306-8E1C-787BB16E3640}.Debug|x64.ActiveCfg = Debug|x64
		{491C326B-A4CE-4306-8E1C-787BB16E3640}.Debug|x64.Build.0 = Debug|x64
		{491C326B-A4CE-4306-8E1C-787BB16E3640}.Release|Any CPU.ActiveCfg = Release|Any CPU
		{491C326B-A4CE-4306-8E1C-787BB16E3640}.Release|Any CPU.Build.0 = Release|Any CPU
		{491C326B-A4CE-4306-8E1C-787BB16E3640}.Release|x64.ActiveCfg = Release|x64
		{491C326B-A4CE-4306-8E1C-787BB16E3640}.Release|x64.Build.0 = Release|x64
		{7969FB1C-0878-43CE-8013-90B01DBC0B85}.Debug|Any CPU.ActiveCfg = Debug|Any CPU
		{7969FB1C-0878-43CE-8013-90B01DBC0B85}.Debug|Any CPU.Build.0 = Debug|Any CPU
		{7969FB1C-0878-43CE-8013-90B01DBC0B85}.Debug|x64.ActiveCfg = Debug|Any CPU
		{7969FB1C-0878-43CE-8013-90B01DBC0B85}.Debug|x64.Build.0 = Debug|Any CPU
		{7969FB1C-0878-43CE-8013-90B01DBC0B85}.Release|Any CPU.ActiveCfg = Release|Any CPU
		{7969FB1C-0878-43CE-8013-90B01DBC0B85}.Release|Any CPU.Build.0 = Release|Any CPU
		{7969FB1C-0878-43CE-8013-90B01DBC0B85}.Release|x64.ActiveCfg = Release|Any CPU
		{7969FB1C-0878-43CE-8013-90B01DBC0B85}.Release|x64.Build.0 = Release|Any CPU
	EndGlobalSection
	GlobalSection(SolutionProperties) = preSolution
		HideSolutionNode = FALSE
	EndGlobalSection
	GlobalSection(ExtensibilityGlobals) = postSolution
		SolutionGuid = {B47A275D-D098-4F8E-8557-3D9735ECC8FF}
	EndGlobalSection
EndGlobal
