
Microsoft Visual Studio Solution File, Format Version 12.00
# Visual Studio Version 16
VisualStudioVersion = 16.0.29102.190
MinimumVisualStudioVersion = 10.0.40219.1
Project("{F184B08F-C81C-45F6-A57F-5ABD9991F28F}") = "Operario", "Operario\Operario.vbproj", "{D1C7738E-928B-4D44-8A10-9DC980651AE8}"
EndProject
Project("{F184B08F-C81C-45F6-A57F-5ABD9991F28F}") = "Controladores", "Controladores\Controladores.vbproj", "{513A34CC-0479-486D-8B03-F3EDA1AB0383}"
EndProject
Project("{F184B08F-C81C-45F6-A57F-5ABD9991F28F}") = "TrayectoVehicular", "..\..\..\Herramientas extra\TrayectoVehicular\TrayectoVehicular\TrayectoVehicular.vbproj", "{AC1B5A25-485E-4544-A386-7A0363FD0233}"
EndProject
Project("{F184B08F-C81C-45F6-A57F-5ABD9991F28F}") = "Administrador", "Administrador\Administrador.vbproj", "{EDCC6FF5-E7AC-4FA6-9E37-DD447C822DF8}"
EndProject
Project("{F184B08F-C81C-45F6-A57F-5ABD9991F28F}") = "OperarioCore", "OperarioCore\OperarioCore.vbproj", "{69731113-DAD7-41BC-9E64-2B4CA65452D4}"
EndProject
Project("{F184B08F-C81C-45F6-A57F-5ABD9991F28F}") = "TransportistaCore", "TransportistaCore\TransportistaCore.vbproj", "{17E16538-9D66-48AD-BA8D-7AF25DB7B7CC}"
EndProject
Project("{F184B08F-C81C-45F6-A57F-5ABD9991F28F}") = "AdministradorCore", "AdministradorCore\AdministradorCore.vbproj", "{31C1636C-2292-4974-8865-F95B65DD9230}"
EndProject
Project("{F184B08F-C81C-45F6-A57F-5ABD9991F28F}") = "Transportista", "TransportistaV2\Transportista.vbproj", "{04F95818-16BF-4250-81C3-5C43A9EB2CAA}"
EndProject
Global
	GlobalSection(SolutionConfigurationPlatforms) = preSolution
		Debug|Any CPU = Debug|Any CPU
		Debug|x64 = Debug|x64
		Debug|x86 = Debug|x86
		Release|Any CPU = Release|Any CPU
		Release|x64 = Release|x64
		Release|x86 = Release|x86
	EndGlobalSection
	GlobalSection(ProjectConfigurationPlatforms) = postSolution
		{D1C7738E-928B-4D44-8A10-9DC980651AE8}.Debug|Any CPU.ActiveCfg = Debug|Any CPU
		{D1C7738E-928B-4D44-8A10-9DC980651AE8}.Debug|Any CPU.Build.0 = Debug|Any CPU
		{D1C7738E-928B-4D44-8A10-9DC980651AE8}.Debug|x64.ActiveCfg = Debug|x64
		{D1C7738E-928B-4D44-8A10-9DC980651AE8}.Debug|x64.Build.0 = Debug|x64
		{D1C7738E-928B-4D44-8A10-9DC980651AE8}.Debug|x86.ActiveCfg = Debug|x86
		{D1C7738E-928B-4D44-8A10-9DC980651AE8}.Debug|x86.Build.0 = Debug|x86
		{D1C7738E-928B-4D44-8A10-9DC980651AE8}.Release|Any CPU.ActiveCfg = Release|Any CPU
		{D1C7738E-928B-4D44-8A10-9DC980651AE8}.Release|Any CPU.Build.0 = Release|Any CPU
		{D1C7738E-928B-4D44-8A10-9DC980651AE8}.Release|x64.ActiveCfg = Release|Any CPU
		{D1C7738E-928B-4D44-8A10-9DC980651AE8}.Release|x64.Build.0 = Release|Any CPU
		{D1C7738E-928B-4D44-8A10-9DC980651AE8}.Release|x86.ActiveCfg = Release|x86
		{D1C7738E-928B-4D44-8A10-9DC980651AE8}.Release|x86.Build.0 = Release|x86
		{513A34CC-0479-486D-8B03-F3EDA1AB0383}.Debug|Any CPU.ActiveCfg = Debug|Any CPU
		{513A34CC-0479-486D-8B03-F3EDA1AB0383}.Debug|Any CPU.Build.0 = Debug|Any CPU
		{513A34CC-0479-486D-8B03-F3EDA1AB0383}.Debug|x64.ActiveCfg = Debug|x64
		{513A34CC-0479-486D-8B03-F3EDA1AB0383}.Debug|x64.Build.0 = Debug|x64
		{513A34CC-0479-486D-8B03-F3EDA1AB0383}.Debug|x86.ActiveCfg = Debug|x86
		{513A34CC-0479-486D-8B03-F3EDA1AB0383}.Debug|x86.Build.0 = Debug|x86
		{513A34CC-0479-486D-8B03-F3EDA1AB0383}.Release|Any CPU.ActiveCfg = Release|Any CPU
		{513A34CC-0479-486D-8B03-F3EDA1AB0383}.Release|Any CPU.Build.0 = Release|Any CPU
		{513A34CC-0479-486D-8B03-F3EDA1AB0383}.Release|x64.ActiveCfg = Release|Any CPU
		{513A34CC-0479-486D-8B03-F3EDA1AB0383}.Release|x64.Build.0 = Release|Any CPU
		{513A34CC-0479-486D-8B03-F3EDA1AB0383}.Release|x86.ActiveCfg = Release|x86
		{513A34CC-0479-486D-8B03-F3EDA1AB0383}.Release|x86.Build.0 = Release|x86
		{AC1B5A25-485E-4544-A386-7A0363FD0233}.Debug|Any CPU.ActiveCfg = Debug|Any CPU
		{AC1B5A25-485E-4544-A386-7A0363FD0233}.Debug|Any CPU.Build.0 = Debug|Any CPU
		{AC1B5A25-485E-4544-A386-7A0363FD0233}.Debug|x64.ActiveCfg = Debug|x64
		{AC1B5A25-485E-4544-A386-7A0363FD0233}.Debug|x64.Build.0 = Debug|x64
		{AC1B5A25-485E-4544-A386-7A0363FD0233}.Debug|x86.ActiveCfg = Debug|x86
		{AC1B5A25-485E-4544-A386-7A0363FD0233}.Debug|x86.Build.0 = Debug|x86
		{AC1B5A25-485E-4544-A386-7A0363FD0233}.Release|Any CPU.ActiveCfg = Release|Any CPU
		{AC1B5A25-485E-4544-A386-7A0363FD0233}.Release|Any CPU.Build.0 = Release|Any CPU
		{AC1B5A25-485E-4544-A386-7A0363FD0233}.Release|x64.ActiveCfg = Release|Any CPU
		{AC1B5A25-485E-4544-A386-7A0363FD0233}.Release|x64.Build.0 = Release|Any CPU
		{AC1B5A25-485E-4544-A386-7A0363FD0233}.Release|x86.ActiveCfg = Release|x86
		{AC1B5A25-485E-4544-A386-7A0363FD0233}.Release|x86.Build.0 = Release|x86
		{EDCC6FF5-E7AC-4FA6-9E37-DD447C822DF8}.Debug|Any CPU.ActiveCfg = Debug|Any CPU
		{EDCC6FF5-E7AC-4FA6-9E37-DD447C822DF8}.Debug|Any CPU.Build.0 = Debug|Any CPU
		{EDCC6FF5-E7AC-4FA6-9E37-DD447C822DF8}.Debug|x64.ActiveCfg = Debug|x64
		{EDCC6FF5-E7AC-4FA6-9E37-DD447C822DF8}.Debug|x64.Build.0 = Debug|x64
		{EDCC6FF5-E7AC-4FA6-9E37-DD447C822DF8}.Debug|x86.ActiveCfg = Debug|Any CPU
		{EDCC6FF5-E7AC-4FA6-9E37-DD447C822DF8}.Debug|x86.Build.0 = Debug|Any CPU
		{EDCC6FF5-E7AC-4FA6-9E37-DD447C822DF8}.Release|Any CPU.ActiveCfg = Release|Any CPU
		{EDCC6FF5-E7AC-4FA6-9E37-DD447C822DF8}.Release|Any CPU.Build.0 = Release|Any CPU
		{EDCC6FF5-E7AC-4FA6-9E37-DD447C822DF8}.Release|x64.ActiveCfg = Release|Any CPU
		{EDCC6FF5-E7AC-4FA6-9E37-DD447C822DF8}.Release|x64.Build.0 = Release|Any CPU
		{EDCC6FF5-E7AC-4FA6-9E37-DD447C822DF8}.Release|x86.ActiveCfg = Release|Any CPU
		{EDCC6FF5-E7AC-4FA6-9E37-DD447C822DF8}.Release|x86.Build.0 = Release|Any CPU
		{69731113-DAD7-41BC-9E64-2B4CA65452D4}.Debug|Any CPU.ActiveCfg = Debug|Any CPU
		{69731113-DAD7-41BC-9E64-2B4CA65452D4}.Debug|Any CPU.Build.0 = Debug|Any CPU
		{69731113-DAD7-41BC-9E64-2B4CA65452D4}.Debug|x64.ActiveCfg = Debug|x64
		{69731113-DAD7-41BC-9E64-2B4CA65452D4}.Debug|x64.Build.0 = Debug|x64
		{69731113-DAD7-41BC-9E64-2B4CA65452D4}.Debug|x86.ActiveCfg = Debug|Any CPU
		{69731113-DAD7-41BC-9E64-2B4CA65452D4}.Debug|x86.Build.0 = Debug|Any CPU
		{69731113-DAD7-41BC-9E64-2B4CA65452D4}.Release|Any CPU.ActiveCfg = Release|Any CPU
		{69731113-DAD7-41BC-9E64-2B4CA65452D4}.Release|Any CPU.Build.0 = Release|Any CPU
		{69731113-DAD7-41BC-9E64-2B4CA65452D4}.Release|x64.ActiveCfg = Release|Any CPU
		{69731113-DAD7-41BC-9E64-2B4CA65452D4}.Release|x64.Build.0 = Release|Any CPU
		{69731113-DAD7-41BC-9E64-2B4CA65452D4}.Release|x86.ActiveCfg = Release|Any CPU
		{69731113-DAD7-41BC-9E64-2B4CA65452D4}.Release|x86.Build.0 = Release|Any CPU
		{17E16538-9D66-48AD-BA8D-7AF25DB7B7CC}.Debug|Any CPU.ActiveCfg = Debug|Any CPU
		{17E16538-9D66-48AD-BA8D-7AF25DB7B7CC}.Debug|Any CPU.Build.0 = Debug|Any CPU
		{17E16538-9D66-48AD-BA8D-7AF25DB7B7CC}.Debug|x64.ActiveCfg = Debug|x64
		{17E16538-9D66-48AD-BA8D-7AF25DB7B7CC}.Debug|x64.Build.0 = Debug|x64
		{17E16538-9D66-48AD-BA8D-7AF25DB7B7CC}.Debug|x86.ActiveCfg = Debug|Any CPU
		{17E16538-9D66-48AD-BA8D-7AF25DB7B7CC}.Debug|x86.Build.0 = Debug|Any CPU
		{17E16538-9D66-48AD-BA8D-7AF25DB7B7CC}.Release|Any CPU.ActiveCfg = Release|Any CPU
		{17E16538-9D66-48AD-BA8D-7AF25DB7B7CC}.Release|Any CPU.Build.0 = Release|Any CPU
		{17E16538-9D66-48AD-BA8D-7AF25DB7B7CC}.Release|x64.ActiveCfg = Release|Any CPU
		{17E16538-9D66-48AD-BA8D-7AF25DB7B7CC}.Release|x64.Build.0 = Release|Any CPU
		{17E16538-9D66-48AD-BA8D-7AF25DB7B7CC}.Release|x86.ActiveCfg = Release|Any CPU
		{17E16538-9D66-48AD-BA8D-7AF25DB7B7CC}.Release|x86.Build.0 = Release|Any CPU
		{31C1636C-2292-4974-8865-F95B65DD9230}.Debug|Any CPU.ActiveCfg = Debug|Any CPU
		{31C1636C-2292-4974-8865-F95B65DD9230}.Debug|Any CPU.Build.0 = Debug|Any CPU
		{31C1636C-2292-4974-8865-F95B65DD9230}.Debug|x64.ActiveCfg = Debug|x64
		{31C1636C-2292-4974-8865-F95B65DD9230}.Debug|x64.Build.0 = Debug|x64
		{31C1636C-2292-4974-8865-F95B65DD9230}.Debug|x86.ActiveCfg = Debug|Any CPU
		{31C1636C-2292-4974-8865-F95B65DD9230}.Debug|x86.Build.0 = Debug|Any CPU
		{31C1636C-2292-4974-8865-F95B65DD9230}.Release|Any CPU.ActiveCfg = Release|Any CPU
		{31C1636C-2292-4974-8865-F95B65DD9230}.Release|Any CPU.Build.0 = Release|Any CPU
		{31C1636C-2292-4974-8865-F95B65DD9230}.Release|x64.ActiveCfg = Release|Any CPU
		{31C1636C-2292-4974-8865-F95B65DD9230}.Release|x64.Build.0 = Release|Any CPU
		{31C1636C-2292-4974-8865-F95B65DD9230}.Release|x86.ActiveCfg = Release|Any CPU
		{31C1636C-2292-4974-8865-F95B65DD9230}.Release|x86.Build.0 = Release|Any CPU
		{04F95818-16BF-4250-81C3-5C43A9EB2CAA}.Debug|Any CPU.ActiveCfg = Debug|Any CPU
		{04F95818-16BF-4250-81C3-5C43A9EB2CAA}.Debug|Any CPU.Build.0 = Debug|Any CPU
		{04F95818-16BF-4250-81C3-5C43A9EB2CAA}.Debug|x64.ActiveCfg = Debug|x64
		{04F95818-16BF-4250-81C3-5C43A9EB2CAA}.Debug|x64.Build.0 = Debug|x64
		{04F95818-16BF-4250-81C3-5C43A9EB2CAA}.Debug|x86.ActiveCfg = Debug|Any CPU
		{04F95818-16BF-4250-81C3-5C43A9EB2CAA}.Debug|x86.Build.0 = Debug|Any CPU
		{04F95818-16BF-4250-81C3-5C43A9EB2CAA}.Release|Any CPU.ActiveCfg = Release|Any CPU
		{04F95818-16BF-4250-81C3-5C43A9EB2CAA}.Release|Any CPU.Build.0 = Release|Any CPU
		{04F95818-16BF-4250-81C3-5C43A9EB2CAA}.Release|x64.ActiveCfg = Release|Any CPU
		{04F95818-16BF-4250-81C3-5C43A9EB2CAA}.Release|x64.Build.0 = Release|Any CPU
		{04F95818-16BF-4250-81C3-5C43A9EB2CAA}.Release|x86.ActiveCfg = Release|Any CPU
		{04F95818-16BF-4250-81C3-5C43A9EB2CAA}.Release|x86.Build.0 = Release|Any CPU
	EndGlobalSection
	GlobalSection(SolutionProperties) = preSolution
		HideSolutionNode = FALSE
	EndGlobalSection
	GlobalSection(ExtensibilityGlobals) = postSolution
		SolutionGuid = {1307575D-48DB-4FAB-ACA1-3E9F9C43E87C}
	EndGlobalSection
EndGlobal
